
Microsoft Visual Studio Solution File, Format Version 12.00
# Visual Studio 15
VisualStudioVersion = 15.0.28010.2036
MinimumVisualStudioVersion = 10.0.40219.1
Project("{FAE04EC0-301F-11D3-BF4B-00C04F79EFBC}") = "Projeto3", "Projeto3\Projeto3.csproj", "{9921E898-38CD-4D9D-8444-DE130B6BA603}"
EndProject
Global
	GlobalSection(SolutionConfigurationPlatforms) = preSolution
		Debug|Any CPU = Debug|Any CPU
		Release|Any CPU = Release|Any CPU
	EndGlobalSection
	GlobalSection(ProjectConfigurationPlatforms) = postSolution
		{9921E898-38CD-4D9D-8444-DE130B6BA603}.Debug|Any CPU.ActiveCfg = Debug|Any CPU
		{9921E898-38CD-4D9D-8444-DE130B6BA603}.Debug|Any CPU.Build.0 = Debug|Any CPU
		{9921E898-38CD-4D9D-8444-DE130B6BA603}.Release|Any CPU.ActiveCfg = Release|Any CPU
		{9921E898-38CD-4D9D-8444-DE130B6BA603}.Release|Any CPU.Build.0 = Release|Any CPU
	EndGlobalSection
	GlobalSection(SolutionProperties) = preSolution
		HideSolutionNode = FALSE
	EndGlobalSection
	GlobalSection(ExtensibilityGlobals) = postSolution
		SolutionGuid = {6546F74C-E09C-40EF-B872-E2E7DDB92B79}
	EndGlobalSection
EndGlobal
